
Microsoft Visual Studio Solution File, Format Version 12.00
# Visual Studio Version 17
VisualStudioVersion = 17.14.36310.24 d17.14
MinimumVisualStudioVersion = 10.0.40219.1
Project("{FAE04EC0-301F-11D3-BF4B-00C04F79EFBC}") = "LambdaDemos", "LambdaDemos\LambdaDemos.csproj", "{44E604EC-5CC2-46AF-8DF0-BBD62CBA3D80}"
EndProject
Global
	GlobalSection(SolutionConfigurationPlatforms) = preSolution
		Debug|Any CPU = Debug|Any CPU
		Release|Any CPU = Release|Any CPU
	EndGlobalSection
	GlobalSection(ProjectConfigurationPlatforms) = postSolution
		{44E604EC-5CC2-46AF-8DF0-BBD62CBA3D80}.Debug|Any CPU.ActiveCfg = Debug|Any CPU
		{44E604EC-5CC2-46AF-8DF0-BBD62CBA3D80}.Debug|Any CPU.Build.0 = Debug|Any CPU
		{44E604EC-5CC2-46AF-8DF0-BBD62CBA3D80}.Release|Any CPU.ActiveCfg = Release|Any CPU
		{44E604EC-5CC2-46AF-8DF0-BBD62CBA3D80}.Release|Any CPU.Build.0 = Release|Any CPU
	EndGlobalSection
	GlobalSection(SolutionProperties) = preSolution
		HideSolutionNode = FALSE
	EndGlobalSection
	GlobalSection(ExtensibilityGlobals) = postSolution
		SolutionGuid = {119C01C8-A3D6-4F16-A29F-54A0443D2EC5}
	EndGlobalSection
EndGlobal
