
Microsoft Visual Studio Solution File, Format Version 12.00
# Visual Studio Version 17
VisualStudioVersion = 17.14.36310.24 d17.14
MinimumVisualStudioVersion = 10.0.40219.1
Project("{FAE04EC0-301F-11D3-BF4B-00C04F79EFBC}") = "Examples", "Examples\Examples.csproj", "{6A3320CC-DC38-4BE9-9522-845A961027E1}"
EndProject
Project("{FAE04EC0-301F-11D3-BF4B-00C04F79EFBC}") = "AttrExampleNew", "..\AttrExampleNew\AttrExampleNew.csproj", "{AC7A692F-352E-4F63-9051-45C5CA8016E8}"
EndProject
Project("{FAE04EC0-301F-11D3-BF4B-00C04F79EFBC}") = "CustomAttribute2", "..\CustomAttribute2\CustomAttribute2.csproj", "{2643A2CF-3DC9-4D05-B950-577ADCE0DAB0}"
EndProject
Global
	GlobalSection(SolutionConfigurationPlatforms) = preSolution
		Debug|Any CPU = Debug|Any CPU
		Release|Any CPU = Release|Any CPU
	EndGlobalSection
	GlobalSection(ProjectConfigurationPlatforms) = postSolution
		{6A3320CC-DC38-4BE9-9522-845A961027E1}.Debug|Any CPU.ActiveCfg = Debug|Any CPU
		{6A3320CC-DC38-4BE9-9522-845A961027E1}.Debug|Any CPU.Build.0 = Debug|Any CPU
		{6A3320CC-DC38-4BE9-9522-845A961027E1}.Release|Any CPU.ActiveCfg = Release|Any CPU
		{6A3320CC-DC38-4BE9-9522-845A961027E1}.Release|Any CPU.Build.0 = Release|Any CPU
		{AC7A692F-352E-4F63-9051-45C5CA8016E8}.Debug|Any CPU.ActiveCfg = Debug|Any CPU
		{AC7A692F-352E-4F63-9051-45C5CA8016E8}.Debug|Any CPU.Build.0 = Debug|Any CPU
		{AC7A692F-352E-4F63-9051-45C5CA8016E8}.Release|Any CPU.ActiveCfg = Release|Any CPU
		{AC7A692F-352E-4F63-9051-45C5CA8016E8}.Release|Any CPU.Build.0 = Release|Any CPU
		{2643A2CF-3DC9-4D05-B950-577ADCE0DAB0}.Debug|Any CPU.ActiveCfg = Debug|Any CPU
		{2643A2CF-3DC9-4D05-B950-577ADCE0DAB0}.Debug|Any CPU.Build.0 = Debug|Any CPU
		{2643A2CF-3DC9-4D05-B950-577ADCE0DAB0}.Release|Any CPU.ActiveCfg = Release|Any CPU
		{2643A2CF-3DC9-4D05-B950-577ADCE0DAB0}.Release|Any CPU.Build.0 = Release|Any CPU
	EndGlobalSection
	GlobalSection(SolutionProperties) = preSolution
		HideSolutionNode = FALSE
	EndGlobalSection
	GlobalSection(ExtensibilityGlobals) = postSolution
		SolutionGuid = {267CB1BF-E406-446E-B9A1-0967C91ED54B}
	EndGlobalSection
EndGlobal
