
Microsoft Visual Studio Solution File, Format Version 12.00
# Visual Studio Version 17
VisualStudioVersion = 17.14.36310.24 d17.14
MinimumVisualStudioVersion = 10.0.40219.1
Project("{FAE04EC0-301F-11D3-BF4B-00C04F79EFBC}") = "ExtensionExample1", "ExtensionExample1\ExtensionExample1.csproj", "{D3B7E99A-F2B0-4C8D-B037-7F64B24B97EA}"
EndProject
Project("{FAE04EC0-301F-11D3-BF4B-00C04F79EFBC}") = "ExtensionLibrary", "ExtensionLibrary\ExtensionLibrary.csproj", "{E5885485-DAF7-43A9-8F37-87E37639BA53}"
EndProject
Project("{FAE04EC0-301F-11D3-BF4B-00C04F79EFBC}") = "ExtensionExample2", "ExtensionExample2\ExtensionExample2.csproj", "{7A3F32E6-C12F-4C9D-B7BF-D148DA8CACFE}"
EndProject
Project("{FAE04EC0-301F-11D3-BF4B-00C04F79EFBC}") = "AbstaractExample", "..\AbstaractExample\AbstaractExample.csproj", "{FFD249EE-F21C-4C12-AE4C-9449DC02D93F}"
EndProject
Global
	GlobalSection(SolutionConfigurationPlatforms) = preSolution
		Debug|Any CPU = Debug|Any CPU
		Release|Any CPU = Release|Any CPU
	EndGlobalSection
	GlobalSection(ProjectConfigurationPlatforms) = postSolution
		{D3B7E99A-F2B0-4C8D-B037-7F64B24B97EA}.Debug|Any CPU.ActiveCfg = Debug|Any CPU
		{D3B7E99A-F2B0-4C8D-B037-7F64B24B97EA}.Debug|Any CPU.Build.0 = Debug|Any CPU
		{D3B7E99A-F2B0-4C8D-B037-7F64B24B97EA}.Release|Any CPU.ActiveCfg = Release|Any CPU
		{D3B7E99A-F2B0-4C8D-B037-7F64B24B97EA}.Release|Any CPU.Build.0 = Release|Any CPU
		{E5885485-DAF7-43A9-8F37-87E37639BA53}.Debug|Any CPU.ActiveCfg = Debug|Any CPU
		{E5885485-DAF7-43A9-8F37-87E37639BA53}.Debug|Any CPU.Build.0 = Debug|Any CPU
		{E5885485-DAF7-43A9-8F37-87E37639BA53}.Release|Any CPU.ActiveCfg = Release|Any CPU
		{E5885485-DAF7-43A9-8F37-87E37639BA53}.Release|Any CPU.Build.0 = Release|Any CPU
		{7A3F32E6-C12F-4C9D-B7BF-D148DA8CACFE}.Debug|Any CPU.ActiveCfg = Debug|Any CPU
		{7A3F32E6-C12F-4C9D-B7BF-D148DA8CACFE}.Debug|Any CPU.Build.0 = Debug|Any CPU
		{7A3F32E6-C12F-4C9D-B7BF-D148DA8CACFE}.Release|Any CPU.ActiveCfg = Release|Any CPU
		{7A3F32E6-C12F-4C9D-B7BF-D148DA8CACFE}.Release|Any CPU.Build.0 = Release|Any CPU
		{FFD249EE-F21C-4C12-AE4C-9449DC02D93F}.Debug|Any CPU.ActiveCfg = Debug|Any CPU
		{FFD249EE-F21C-4C12-AE4C-9449DC02D93F}.Debug|Any CPU.Build.0 = Debug|Any CPU
		{FFD249EE-F21C-4C12-AE4C-9449DC02D93F}.Release|Any CPU.ActiveCfg = Release|Any CPU
		{FFD249EE-F21C-4C12-AE4C-9449DC02D93F}.Release|Any CPU.Build.0 = Release|Any CPU
	EndGlobalSection
	GlobalSection(SolutionProperties) = preSolution
		HideSolutionNode = FALSE
	EndGlobalSection
	GlobalSection(ExtensibilityGlobals) = postSolution
		SolutionGuid = {D2BD1A1B-FCB9-428F-8888-5AA87FDF413E}
	EndGlobalSection
EndGlobal
